
Microsoft Visual Studio Solution File, Format Version 12.00
# Visual Studio Version 16
VisualStudioVersion = 16.0.29009.5
MinimumVisualStudioVersion = 10.0.40219.1
Project("{8BC9CEB8-8B4A-11D0-8D11-00A0C91BC942}") = "CatchFishInstaller", "CatchFishInstaller\CatchFishInstaller.vcxproj", "{420EA894-912F-48E1-AAF3-1C141345536A}"
EndProject
Project("{8BC9CEB8-8B4A-11D0-8D11-00A0C91BC942}") = "CatchFishServer", "CatchFishServer\CatchFishServer.vcxproj", "{0682BAF8-4826-4B16-B1F1-A213744334A1}"
EndProject
Project("{8BC9CEB8-8B4A-11D0-8D11-00A0C91BC942}") = "CatchFishDownloader", "CatchFishDownloader\CatchFishDownloader.vcxproj", "{F059B57B-1D4B-4DDD-AD62-AADFC1D76255}"
EndProject
Project("{2150E333-8FDC-42A3-9474-1A3956D46DE8}") = "GenerateCode", "GenerateCode", "{E28459DA-05BE-4BC0-A4E7-0C16FBDE672D}"
EndProject
Project("{FAE04EC0-301F-11D3-BF4B-00C04F79EFBC}") = "GenerateCodeForm", "GenerateCodeForm\GenerateCodeForm.csproj", "{02E22FE7-89CB-4918-87A0-1F44A70A1773}"
EndProject
Project("{8BC9CEB8-8B4A-11D0-8D11-00A0C91BC942}") = "GenerateCodeDLL", "GenerateCodeDLL\GenerateCodeDLL.vcxproj", "{B16BA793-24AF-46F0-BB3E-7A87E7249DBF}"
EndProject
Project("{2150E333-8FDC-42A3-9474-1A3956D46DE8}") = "Installer", "Installer", "{A78921AC-F5E0-498F-AC77-99E5E5D872FD}"
EndProject
Project("{2150E333-8FDC-42A3-9474-1A3956D46DE8}") = "Server", "Server", "{6078E66F-B642-4282-828B-37623886653E}"
EndProject
Project("{2150E333-8FDC-42A3-9474-1A3956D46DE8}") = "Test", "Test", "{487D3F7E-9257-405D-92D3-464E20F37CC6}"
EndProject
Project("{8BC9CEB8-8B4A-11D0-8D11-00A0C91BC942}") = "TestGenerateCode", "TestGenerateCode\TestGenerateCode.vcxproj", "{C01C429E-B554-4C8C-BDBC-F77B3957A842}"
EndProject
Project("{8BC9CEB8-8B4A-11D0-8D11-00A0C91BC942}") = "SingleGenerateCodeDLL", "SingleGenerateCodeDLL\SingleGenerateCodeDLL.vcxproj", "{01C0D7FE-1FFE-4979-BFCE-C542053080D7}"
EndProject
Project("{FAE04EC0-301F-11D3-BF4B-00C04F79EFBC}") = "SingleGenerateCodeForm", "SingleGenerateCodeForm\SingleGenerateCodeForm.csproj", "{065E1803-0FF9-43A4-9707-082B06739A51}"
EndProject
Project("{8BC9CEB8-8B4A-11D0-8D11-00A0C91BC942}") = "TestDiskSerialNumber", "TestDiskSerialNumber\TestDiskSerialNumber.vcxproj", "{7EECEF15-0152-492D-81BE-CF8B8A4FD5E9}"
EndProject
Project("{2150E333-8FDC-42A3-9474-1A3956D46DE8}") = "Tools", "Tools", "{A6A5FDAE-1CB5-4F5C-9260-462C9F1710F0}"
EndProject
Project("{8BC9CEB8-8B4A-11D0-8D11-00A0C91BC942}") = "ClearSysRestoreTool", "ClearSysRestoreTool\ClearSysRestoreTool.vcxproj", "{B1C232CA-65B8-45DD-8F1A-EAD08652DC57}"
EndProject
Project("{FAE04EC0-301F-11D3-BF4B-00C04F79EFBC}") = "FishMail", "FishMail\FishMail.csproj", "{7740C261-786E-43CD-B200-99EFC9F8F370}"
EndProject
Project("{8BC9CEB8-8B4A-11D0-8D11-00A0C91BC942}") = "DumpFish", "DumpFish\DumpFish.vcxproj", "{CCF397D0-FE8C-47B4-B19F-2869A4BB1BFD}"
EndProject
Project("{888888A0-9F3D-457C-B088-3A5042F75D52}") = "UnMatchBinaryCodeChecker", "UnMatchBinaryCodeChecker\UnMatchBinaryCodeChecker.pyproj", "{9872F9C4-DF55-4C67-BBFB-51C80F6BE42B}"
EndProject
Project("{8BC9CEB8-8B4A-11D0-8D11-00A0C91BC942}") = "DecodeFishLog", "DecodeFishLog\DecodeFishLog.vcxproj", "{EF4E1454-87A4-42F9-A5DD-9798802D3F7A}"
EndProject
Project("{8BC9CEB8-8B4A-11D0-8D11-00A0C91BC942}") = "DumpTools", "DumpTools\DumpTools.vcxproj", "{23B5665D-2E84-45A7-A322-EF1A950D2E1A}"
EndProject
Global
	GlobalSection(SolutionConfigurationPlatforms) = preSolution
		Debug|Any CPU = Debug|Any CPU
		Debug|x64 = Debug|x64
		Debug|x86 = Debug|x86
		Release|Any CPU = Release|Any CPU
		Release|x64 = Release|x64
		Release|x86 = Release|x86
	EndGlobalSection
	GlobalSection(ProjectConfigurationPlatforms) = postSolution
		{420EA894-912F-48E1-AAF3-1C141345536A}.Debug|Any CPU.ActiveCfg = Debug|Win32
		{420EA894-912F-48E1-AAF3-1C141345536A}.Debug|x64.ActiveCfg = Debug|x64
		{420EA894-912F-48E1-AAF3-1C141345536A}.Debug|x64.Build.0 = Debug|x64
		{420EA894-912F-48E1-AAF3-1C141345536A}.Debug|x86.ActiveCfg = Debug|Win32
		{420EA894-912F-48E1-AAF3-1C141345536A}.Debug|x86.Build.0 = Debug|Win32
		{420EA894-912F-48E1-AAF3-1C141345536A}.Release|Any CPU.ActiveCfg = Release|Win32
		{420EA894-912F-48E1-AAF3-1C141345536A}.Release|x64.ActiveCfg = Release|x64
		{420EA894-912F-48E1-AAF3-1C141345536A}.Release|x64.Build.0 = Release|x64
		{420EA894-912F-48E1-AAF3-1C141345536A}.Release|x86.ActiveCfg = Release|Win32
		{420EA894-912F-48E1-AAF3-1C141345536A}.Release|x86.Build.0 = Release|Win32
		{0682BAF8-4826-4B16-B1F1-A213744334A1}.Debug|Any CPU.ActiveCfg = Debug|Win32
		{0682BAF8-4826-4B16-B1F1-A213744334A1}.Debug|x64.ActiveCfg = Debug|x64
		{0682BAF8-4826-4B16-B1F1-A213744334A1}.Debug|x64.Build.0 = Debug|x64
		{0682BAF8-4826-4B16-B1F1-A213744334A1}.Debug|x86.ActiveCfg = Debug|Win32
		{0682BAF8-4826-4B16-B1F1-A213744334A1}.Debug|x86.Build.0 = Debug|Win32
		{0682BAF8-4826-4B16-B1F1-A213744334A1}.Release|Any CPU.ActiveCfg = Release|Win32
		{0682BAF8-4826-4B16-B1F1-A213744334A1}.Release|x64.ActiveCfg = Release|x64
		{0682BAF8-4826-4B16-B1F1-A213744334A1}.Release|x64.Build.0 = Release|x64
		{0682BAF8-4826-4B16-B1F1-A213744334A1}.Release|x86.ActiveCfg = Release|Win32
		{0682BAF8-4826-4B16-B1F1-A213744334A1}.Release|x86.Build.0 = Release|Win32
		{F059B57B-1D4B-4DDD-AD62-AADFC1D76255}.Debug|Any CPU.ActiveCfg = Debug|Win32
		{F059B57B-1D4B-4DDD-AD62-AADFC1D76255}.Debug|x64.ActiveCfg = Debug|x64
		{F059B57B-1D4B-4DDD-AD62-AADFC1D76255}.Debug|x64.Build.0 = Debug|x64
		{F059B57B-1D4B-4DDD-AD62-AADFC1D76255}.Debug|x86.ActiveCfg = Debug|Win32
		{F059B57B-1D4B-4DDD-AD62-AADFC1D76255}.Debug|x86.Build.0 = Debug|Win32
		{F059B57B-1D4B-4DDD-AD62-AADFC1D76255}.Release|Any CPU.ActiveCfg = Release|Win32
		{F059B57B-1D4B-4DDD-AD62-AADFC1D76255}.Release|x64.ActiveCfg = Release|x64
		{F059B57B-1D4B-4DDD-AD62-AADFC1D76255}.Release|x64.Build.0 = Release|x64
		{F059B57B-1D4B-4DDD-AD62-AADFC1D76255}.Release|x86.ActiveCfg = Release|Win32
		{F059B57B-1D4B-4DDD-AD62-AADFC1D76255}.Release|x86.Build.0 = Release|Win32
		{02E22FE7-89CB-4918-87A0-1F44A70A1773}.Debug|Any CPU.ActiveCfg = Debug|Any CPU
		{02E22FE7-89CB-4918-87A0-1F44A70A1773}.Debug|Any CPU.Build.0 = Debug|Any CPU
		{02E22FE7-89CB-4918-87A0-1F44A70A1773}.Debug|x64.ActiveCfg = Debug|Any CPU
		{02E22FE7-89CB-4918-87A0-1F44A70A1773}.Debug|x64.Build.0 = Debug|Any CPU
		{02E22FE7-89CB-4918-87A0-1F44A70A1773}.Debug|x86.ActiveCfg = Debug|Any CPU
		{02E22FE7-89CB-4918-87A0-1F44A70A1773}.Debug|x86.Build.0 = Debug|Any CPU
		{02E22FE7-89CB-4918-87A0-1F44A70A1773}.Release|Any CPU.ActiveCfg = Release|Any CPU
		{02E22FE7-89CB-4918-87A0-1F44A70A1773}.Release|Any CPU.Build.0 = Release|Any CPU
		{02E22FE7-89CB-4918-87A0-1F44A70A1773}.Release|x64.ActiveCfg = Release|Any CPU
		{02E22FE7-89CB-4918-87A0-1F44A70A1773}.Release|x64.Build.0 = Release|Any CPU
		{02E22FE7-89CB-4918-87A0-1F44A70A1773}.Release|x86.ActiveCfg = Release|Any CPU
		{02E22FE7-89CB-4918-87A0-1F44A70A1773}.Release|x86.Build.0 = Release|Any CPU
		{B16BA793-24AF-46F0-BB3E-7A87E7249DBF}.Debug|Any CPU.ActiveCfg = Debug|Win32
		{B16BA793-24AF-46F0-BB3E-7A87E7249DBF}.Debug|x64.ActiveCfg = Debug|x64
		{B16BA793-24AF-46F0-BB3E-7A87E7249DBF}.Debug|x64.Build.0 = Debug|x64
		{B16BA793-24AF-46F0-BB3E-7A87E7249DBF}.Debug|x86.ActiveCfg = Debug|Win32
		{B16BA793-24AF-46F0-BB3E-7A87E7249DBF}.Debug|x86.Build.0 = Debug|Win32
		{B16BA793-24AF-46F0-BB3E-7A87E7249DBF}.Release|Any CPU.ActiveCfg = Release|Win32
		{B16BA793-24AF-46F0-BB3E-7A87E7249DBF}.Release|x64.ActiveCfg = Release|x64
		{B16BA793-24AF-46F0-BB3E-7A87E7249DBF}.Release|x64.Build.0 = Release|x64
		{B16BA793-24AF-46F0-BB3E-7A87E7249DBF}.Release|x86.ActiveCfg = Release|Win32
		{B16BA793-24AF-46F0-BB3E-7A87E7249DBF}.Release|x86.Build.0 = Release|Win32
		{C01C429E-B554-4C8C-BDBC-F77B3957A842}.Debug|Any CPU.ActiveCfg = Debug|Win32
		{C01C429E-B554-4C8C-BDBC-F77B3957A842}.Debug|x64.ActiveCfg = Debug|x64
		{C01C429E-B554-4C8C-BDBC-F77B3957A842}.Debug|x64.Build.0 = Debug|x64
		{C01C429E-B554-4C8C-BDBC-F77B3957A842}.Debug|x86.ActiveCfg = Debug|Win32
		{C01C429E-B554-4C8C-BDBC-F77B3957A842}.Debug|x86.Build.0 = Debug|Win32
		{C01C429E-B554-4C8C-BDBC-F77B3957A842}.Release|Any CPU.ActiveCfg = Release|Win32
		{C01C429E-B554-4C8C-BDBC-F77B3957A842}.Release|x64.ActiveCfg = Release|x64
		{C01C429E-B554-4C8C-BDBC-F77B3957A842}.Release|x64.Build.0 = Release|x64
		{C01C429E-B554-4C8C-BDBC-F77B3957A842}.Release|x86.ActiveCfg = Release|Win32
		{C01C429E-B554-4C8C-BDBC-F77B3957A842}.Release|x86.Build.0 = Release|Win32
		{01C0D7FE-1FFE-4979-BFCE-C542053080D7}.Debug|Any CPU.ActiveCfg = Debug|Win32
		{01C0D7FE-1FFE-4979-BFCE-C542053080D7}.Debug|x64.ActiveCfg = Debug|x64
		{01C0D7FE-1FFE-4979-BFCE-C542053080D7}.Debug|x64.Build.0 = Debug|x64
		{01C0D7FE-1FFE-4979-BFCE-C542053080D7}.Debug|x86.ActiveCfg = Debug|Win32
		{01C0D7FE-1FFE-4979-BFCE-C542053080D7}.Debug|x86.Build.0 = Debug|Win32
		{01C0D7FE-1FFE-4979-BFCE-C542053080D7}.Release|Any CPU.ActiveCfg = Release|Win32
		{01C0D7FE-1FFE-4979-BFCE-C542053080D7}.Release|x64.ActiveCfg = Release|x64
		{01C0D7FE-1FFE-4979-BFCE-C542053080D7}.Release|x64.Build.0 = Release|x64
		{01C0D7FE-1FFE-4979-BFCE-C542053080D7}.Release|x86.ActiveCfg = Release|Win32
		{01C0D7FE-1FFE-4979-BFCE-C542053080D7}.Release|x86.Build.0 = Release|Win32
		{065E1803-0FF9-43A4-9707-082B06739A51}.Debug|Any CPU.ActiveCfg = Debug|Any CPU
		{065E1803-0FF9-43A4-9707-082B06739A51}.Debug|Any CPU.Build.0 = Debug|Any CPU
		{065E1803-0FF9-43A4-9707-082B06739A51}.Debug|x64.ActiveCfg = Debug|Any CPU
		{065E1803-0FF9-43A4-9707-082B06739A51}.Debug|x64.Build.0 = Debug|Any CPU
		{065E1803-0FF9-43A4-9707-082B06739A51}.Debug|x86.ActiveCfg = Debug|Any CPU
		{065E1803-0FF9-43A4-9707-082B06739A51}.Debug|x86.Build.0 = Debug|Any CPU
		{065E1803-0FF9-43A4-9707-082B06739A51}.Release|Any CPU.ActiveCfg = Release|Any CPU
		{065E1803-0FF9-43A4-9707-082B06739A51}.Release|Any CPU.Build.0 = Release|Any CPU
		{065E1803-0FF9-43A4-9707-082B06739A51}.Release|x64.ActiveCfg = Release|Any CPU
		{065E1803-0FF9-43A4-9707-082B06739A51}.Release|x64.Build.0 = Release|Any CPU
		{065E1803-0FF9-43A4-9707-082B06739A51}.Release|x86.ActiveCfg = Release|Any CPU
		{065E1803-0FF9-43A4-9707-082B06739A51}.Release|x86.Build.0 = Release|Any CPU
		{7EECEF15-0152-492D-81BE-CF8B8A4FD5E9}.Debug|Any CPU.ActiveCfg = Debug|Win32
		{7EECEF15-0152-492D-81BE-CF8B8A4FD5E9}.Debug|x64.ActiveCfg = Debug|x64
		{7EECEF15-0152-492D-81BE-CF8B8A4FD5E9}.Debug|x64.Build.0 = Debug|x64
		{7EECEF15-0152-492D-81BE-CF8B8A4FD5E9}.Debug|x86.ActiveCfg = Debug|Win32
		{7EECEF15-0152-492D-81BE-CF8B8A4FD5E9}.Debug|x86.Build.0 = Debug|Win32
		{7EECEF15-0152-492D-81BE-CF8B8A4FD5E9}.Release|Any CPU.ActiveCfg = Release|Win32
		{7EECEF15-0152-492D-81BE-CF8B8A4FD5E9}.Release|x64.ActiveCfg = Release|x64
		{7EECEF15-0152-492D-81BE-CF8B8A4FD5E9}.Release|x64.Build.0 = Release|x64
		{7EECEF15-0152-492D-81BE-CF8B8A4FD5E9}.Release|x86.ActiveCfg = Release|Win32
		{7EECEF15-0152-492D-81BE-CF8B8A4FD5E9}.Release|x86.Build.0 = Release|Win32
		{B1C232CA-65B8-45DD-8F1A-EAD08652DC57}.Debug|Any CPU.ActiveCfg = Debug|Win32
		{B1C232CA-65B8-45DD-8F1A-EAD08652DC57}.Debug|x64.ActiveCfg = Debug|x64
		{B1C232CA-65B8-45DD-8F1A-EAD08652DC57}.Debug|x64.Build.0 = Debug|x64
		{B1C232CA-65B8-45DD-8F1A-EAD08652DC57}.Debug|x86.ActiveCfg = Debug|Win32
		{B1C232CA-65B8-45DD-8F1A-EAD08652DC57}.Debug|x86.Build.0 = Debug|Win32
		{B1C232CA-65B8-45DD-8F1A-EAD08652DC57}.Release|Any CPU.ActiveCfg = Release|Win32
		{B1C232CA-65B8-45DD-8F1A-EAD08652DC57}.Release|x64.ActiveCfg = Release|x64
		{B1C232CA-65B8-45DD-8F1A-EAD08652DC57}.Release|x64.Build.0 = Release|x64
		{B1C232CA-65B8-45DD-8F1A-EAD08652DC57}.Release|x86.ActiveCfg = Release|Win32
		{B1C232CA-65B8-45DD-8F1A-EAD08652DC57}.Release|x86.Build.0 = Release|Win32
		{7740C261-786E-43CD-B200-99EFC9F8F370}.Debug|Any CPU.ActiveCfg = Debug|Any CPU
		{7740C261-786E-43CD-B200-99EFC9F8F370}.Debug|Any CPU.Build.0 = Debug|Any CPU
		{7740C261-786E-43CD-B200-99EFC9F8F370}.Debug|x64.ActiveCfg = Debug|Any CPU
		{7740C261-786E-43CD-B200-99EFC9F8F370}.Debug|x64.Build.0 = Debug|Any CPU
		{7740C261-786E-43CD-B200-99EFC9F8F370}.Debug|x86.ActiveCfg = Debug|Any CPU
		{7740C261-786E-43CD-B200-99EFC9F8F370}.Debug|x86.Build.0 = Debug|Any CPU
		{7740C261-786E-43CD-B200-99EFC9F8F370}.Release|Any CPU.ActiveCfg = Release|Any CPU
		{7740C261-786E-43CD-B200-99EFC9F8F370}.Release|Any CPU.Build.0 = Release|Any CPU
		{7740C261-786E-43CD-B200-99EFC9F8F370}.Release|x64.ActiveCfg = Release|Any CPU
		{7740C261-786E-43CD-B200-99EFC9F8F370}.Release|x64.Build.0 = Release|Any CPU
		{7740C261-786E-43CD-B200-99EFC9F8F370}.Release|x86.ActiveCfg = Release|Any CPU
		{7740C261-786E-43CD-B200-99EFC9F8F370}.Release|x86.Build.0 = Release|Any CPU
		{CCF397D0-FE8C-47B4-B19F-2869A4BB1BFD}.Debug|Any CPU.ActiveCfg = Debug|Win32
		{CCF397D0-FE8C-47B4-B19F-2869A4BB1BFD}.Debug|x64.ActiveCfg = Debug|x64
		{CCF397D0-FE8C-47B4-B19F-2869A4BB1BFD}.Debug|x64.Build.0 = Debug|x64
		{CCF397D0-FE8C-47B4-B19F-2869A4BB1BFD}.Debug|x86.ActiveCfg = Debug|Win32
		{CCF397D0-FE8C-47B4-B19F-2869A4BB1BFD}.Debug|x86.Build.0 = Debug|Win32
		{CCF397D0-FE8C-47B4-B19F-2869A4BB1BFD}.Release|Any CPU.ActiveCfg = Release|Win32
		{CCF397D0-FE8C-47B4-B19F-2869A4BB1BFD}.Release|x64.ActiveCfg = Release|x64
		{CCF397D0-FE8C-47B4-B19F-2869A4BB1BFD}.Release|x64.Build.0 = Release|x64
		{CCF397D0-FE8C-47B4-B19F-2869A4BB1BFD}.Release|x86.ActiveCfg = Release|Win32
		{CCF397D0-FE8C-47B4-B19F-2869A4BB1BFD}.Release|x86.Build.0 = Release|Win32
		{9872F9C4-DF55-4C67-BBFB-51C80F6BE42B}.Debug|Any CPU.ActiveCfg = Debug|Any CPU
		{9872F9C4-DF55-4C67-BBFB-51C80F6BE42B}.Debug|x64.ActiveCfg = Debug|Any CPU
		{9872F9C4-DF55-4C67-BBFB-51C80F6BE42B}.Debug|x86.ActiveCfg = Debug|Any CPU
		{9872F9C4-DF55-4C67-BBFB-51C80F6BE42B}.Release|Any CPU.ActiveCfg = Release|Any CPU
		{9872F9C4-DF55-4C67-BBFB-51C80F6BE42B}.Release|x64.ActiveCfg = Release|Any CPU
		{9872F9C4-DF55-4C67-BBFB-51C80F6BE42B}.Release|x86.ActiveCfg = Release|Any CPU
		{EF4E1454-87A4-42F9-A5DD-9798802D3F7A}.Debug|Any CPU.ActiveCfg = Debug|Win32
		{EF4E1454-87A4-42F9-A5DD-9798802D3F7A}.Debug|x64.ActiveCfg = Debug|x64
		{EF4E1454-87A4-42F9-A5DD-9798802D3F7A}.Debug|x64.Build.0 = Debug|x64
		{EF4E1454-87A4-42F9-A5DD-9798802D3F7A}.Debug|x86.ActiveCfg = Debug|Win32
		{EF4E1454-87A4-42F9-A5DD-9798802D3F7A}.Debug|x86.Build.0 = Debug|Win32
		{EF4E1454-87A4-42F9-A5DD-9798802D3F7A}.Release|Any CPU.ActiveCfg = Release|Win32
		{EF4E1454-87A4-42F9-A5DD-9798802D3F7A}.Release|x64.ActiveCfg = Release|x64
		{EF4E1454-87A4-42F9-A5DD-9798802D3F7A}.Release|x64.Build.0 = Release|x64
		{EF4E1454-87A4-42F9-A5DD-9798802D3F7A}.Release|x86.ActiveCfg = Release|Win32
		{EF4E1454-87A4-42F9-A5DD-9798802D3F7A}.Release|x86.Build.0 = Release|Win32
		{23B5665D-2E84-45A7-A322-EF1A950D2E1A}.Debug|Any CPU.ActiveCfg = Debug|Win32
		{23B5665D-2E84-45A7-A322-EF1A950D2E1A}.Debug|x64.ActiveCfg = Debug|x64
		{23B5665D-2E84-45A7-A322-EF1A950D2E1A}.Debug|x64.Build.0 = Debug|x64
		{23B5665D-2E84-45A7-A322-EF1A950D2E1A}.Debug|x86.ActiveCfg = Debug|Win32
		{23B5665D-2E84-45A7-A322-EF1A950D2E1A}.Debug|x86.Build.0 = Debug|Win32
		{23B5665D-2E84-45A7-A322-EF1A950D2E1A}.Release|Any CPU.ActiveCfg = Release|Win32
		{23B5665D-2E84-45A7-A322-EF1A950D2E1A}.Release|x64.ActiveCfg = Release|x64
		{23B5665D-2E84-45A7-A322-EF1A950D2E1A}.Release|x64.Build.0 = Release|x64
		{23B5665D-2E84-45A7-A322-EF1A950D2E1A}.Release|x86.ActiveCfg = Release|Win32
		{23B5665D-2E84-45A7-A322-EF1A950D2E1A}.Release|x86.Build.0 = Release|Win32
	EndGlobalSection
	GlobalSection(SolutionProperties) = preSolution
		HideSolutionNode = FALSE
	EndGlobalSection
	GlobalSection(NestedProjects) = preSolution
		{420EA894-912F-48E1-AAF3-1C141345536A} = {A78921AC-F5E0-498F-AC77-99E5E5D872FD}
		{0682BAF8-4826-4B16-B1F1-A213744334A1} = {6078E66F-B642-4282-828B-37623886653E}
		{F059B57B-1D4B-4DDD-AD62-AADFC1D76255} = {A78921AC-F5E0-498F-AC77-99E5E5D872FD}
		{02E22FE7-89CB-4918-87A0-1F44A70A1773} = {E28459DA-05BE-4BC0-A4E7-0C16FBDE672D}
		{B16BA793-24AF-46F0-BB3E-7A87E7249DBF} = {E28459DA-05BE-4BC0-A4E7-0C16FBDE672D}
		{C01C429E-B554-4C8C-BDBC-F77B3957A842} = {487D3F7E-9257-405D-92D3-464E20F37CC6}
		{01C0D7FE-1FFE-4979-BFCE-C542053080D7} = {E28459DA-05BE-4BC0-A4E7-0C16FBDE672D}
		{065E1803-0FF9-43A4-9707-082B06739A51} = {E28459DA-05BE-4BC0-A4E7-0C16FBDE672D}
		{7EECEF15-0152-492D-81BE-CF8B8A4FD5E9} = {487D3F7E-9257-405D-92D3-464E20F37CC6}
		{B1C232CA-65B8-45DD-8F1A-EAD08652DC57} = {A6A5FDAE-1CB5-4F5C-9260-462C9F1710F0}
		{7740C261-786E-43CD-B200-99EFC9F8F370} = {A6A5FDAE-1CB5-4F5C-9260-462C9F1710F0}
		{CCF397D0-FE8C-47B4-B19F-2869A4BB1BFD} = {487D3F7E-9257-405D-92D3-464E20F37CC6}
		{9872F9C4-DF55-4C67-BBFB-51C80F6BE42B} = {487D3F7E-9257-405D-92D3-464E20F37CC6}
		{EF4E1454-87A4-42F9-A5DD-9798802D3F7A} = {A6A5FDAE-1CB5-4F5C-9260-462C9F1710F0}
		{23B5665D-2E84-45A7-A322-EF1A950D2E1A} = {A6A5FDAE-1CB5-4F5C-9260-462C9F1710F0}
	EndGlobalSection
	GlobalSection(ExtensibilityGlobals) = postSolution
		SolutionGuid = {76C348EF-AAB3-490B-913C-75F5BA0BCAD2}
	EndGlobalSection
EndGlobal
